
Microsoft Visual Studio Solution File, Format Version 12.00
# Visual Studio 2012
Project("{FAE04EC0-301F-11D3-BF4B-00C04F79EFBC}") = "UnityVS.BattelBoard.CSharp", "UnityVS.BattelBoard.CSharp.csproj", "{5CB3E02E-494E-4A81-CC6B-1531F6B31737}"
EndProject
Project("{FAE04EC0-301F-11D3-BF4B-00C04F79EFBC}") = "UnityVS.BattelBoard.CSharp.Plugins", "UnityVS.BattelBoard.CSharp.Plugins.csproj", "{C9FE7D29-7BF0-DDF6-61F2-53D1A9F961FE}"
EndProject
Global
	GlobalSection(SolutionConfigurationPlatforms) = preSolution
		Debug|Any CPU = Debug|Any CPU
		Release|Any CPU = Release|Any CPU
	EndGlobalSection
	GlobalSection(ProjectConfigurationPlatforms) = postSolution
		{5CB3E02E-494E-4A81-CC6B-1531F6B31737}.Debug|Any CPU.ActiveCfg = Debug|Any CPU
		{5CB3E02E-494E-4A81-CC6B-1531F6B31737}.Debug|Any CPU.Build.0 = Debug|Any CPU
		{5CB3E02E-494E-4A81-CC6B-1531F6B31737}.Release|Any CPU.ActiveCfg = Release|Any CPU
		{5CB3E02E-494E-4A81-CC6B-1531F6B31737}.Release|Any CPU.Build.0 = Release|Any CPU
		{C9FE7D29-7BF0-DDF6-61F2-53D1A9F961FE}.Debug|Any CPU.ActiveCfg = Debug|Any CPU
		{C9FE7D29-7BF0-DDF6-61F2-53D1A9F961FE}.Debug|Any CPU.Build.0 = Debug|Any CPU
		{C9FE7D29-7BF0-DDF6-61F2-53D1A9F961FE}.Release|Any CPU.ActiveCfg = Release|Any CPU
		{C9FE7D29-7BF0-DDF6-61F2-53D1A9F961FE}.Release|Any CPU.Build.0 = Release|Any CPU
	EndGlobalSection
	GlobalSection(SolutionProperties) = preSolution
		HideSolutionNode = FALSE
	EndGlobalSection
EndGlobal
